
Microsoft Visual Studio Solution File, Format Version 12.00
# Visual Studio Version 16
VisualStudioVersion = 16.0.29411.108
MinimumVisualStudioVersion = 10.0.40219.1
Project("{9A19103F-16F7-4668-BE54-9A1E7A4F7556}") = "DataAnalyzer", "DataAnalyzer\DataAnalyzer.csproj", "{0923B9ED-8E17-48F5-A589-F00CF39B5954}"
EndProject
Project("{9A19103F-16F7-4668-BE54-9A1E7A4F7556}") = "DataAnalyzerModels", "DataAnalyzerModels\DataAnalyzerModels.csproj", "{8D0C0322-F5A4-4374-AA09-E768C27B37D4}"
EndProject
Project("{9A19103F-16F7-4668-BE54-9A1E7A4F7556}") = "DataAnalyzerServices", "DataAnalyzerServices\DataAnalyzerServices.csproj", "{D67C1774-E9AF-41A0-B353-E31DF2E420B6}"
EndProject
Project("{9A19103F-16F7-4668-BE54-9A1E7A4F7556}") = "DataAnalyzerConstants", "DataAnalyzerConstants\DataAnalyzerConstants.csproj", "{1771A974-3F57-4D27-8398-BE1C62ABEC6B}"
EndProject
Project("{FAE04EC0-301F-11D3-BF4B-00C04F79EFBC}") = "DataAnalyzer.Tests", "DataAnalyzerXUnitTest\DataAnalyzer.Tests.csproj", "{F2680679-D264-4628-853F-3D8265468E85}"
EndProject
Global
	GlobalSection(SolutionConfigurationPlatforms) = preSolution
		Debug|Any CPU = Debug|Any CPU
		Release|Any CPU = Release|Any CPU
	EndGlobalSection
	GlobalSection(ProjectConfigurationPlatforms) = postSolution
		{0923B9ED-8E17-48F5-A589-F00CF39B5954}.Debug|Any CPU.ActiveCfg = Debug|Any CPU
		{0923B9ED-8E17-48F5-A589-F00CF39B5954}.Debug|Any CPU.Build.0 = Debug|Any CPU
		{0923B9ED-8E17-48F5-A589-F00CF39B5954}.Release|Any CPU.ActiveCfg = Release|Any CPU
		{0923B9ED-8E17-48F5-A589-F00CF39B5954}.Release|Any CPU.Build.0 = Release|Any CPU
		{8D0C0322-F5A4-4374-AA09-E768C27B37D4}.Debug|Any CPU.ActiveCfg = Debug|Any CPU
		{8D0C0322-F5A4-4374-AA09-E768C27B37D4}.Debug|Any CPU.Build.0 = Debug|Any CPU
		{8D0C0322-F5A4-4374-AA09-E768C27B37D4}.Release|Any CPU.ActiveCfg = Release|Any CPU
		{8D0C0322-F5A4-4374-AA09-E768C27B37D4}.Release|Any CPU.Build.0 = Release|Any CPU
		{D67C1774-E9AF-41A0-B353-E31DF2E420B6}.Debug|Any CPU.ActiveCfg = Debug|Any CPU
		{D67C1774-E9AF-41A0-B353-E31DF2E420B6}.Debug|Any CPU.Build.0 = Debug|Any CPU
		{D67C1774-E9AF-41A0-B353-E31DF2E420B6}.Release|Any CPU.ActiveCfg = Release|Any CPU
		{D67C1774-E9AF-41A0-B353-E31DF2E420B6}.Release|Any CPU.Build.0 = Release|Any CPU
		{1771A974-3F57-4D27-8398-BE1C62ABEC6B}.Debug|Any CPU.ActiveCfg = Debug|Any CPU
		{1771A974-3F57-4D27-8398-BE1C62ABEC6B}.Debug|Any CPU.Build.0 = Debug|Any CPU
		{1771A974-3F57-4D27-8398-BE1C62ABEC6B}.Release|Any CPU.ActiveCfg = Release|Any CPU
		{1771A974-3F57-4D27-8398-BE1C62ABEC6B}.Release|Any CPU.Build.0 = Release|Any CPU
		{F2680679-D264-4628-853F-3D8265468E85}.Debug|Any CPU.ActiveCfg = Debug|Any CPU
		{F2680679-D264-4628-853F-3D8265468E85}.Debug|Any CPU.Build.0 = Debug|Any CPU
		{F2680679-D264-4628-853F-3D8265468E85}.Release|Any CPU.ActiveCfg = Release|Any CPU
		{F2680679-D264-4628-853F-3D8265468E85}.Release|Any CPU.Build.0 = Release|Any CPU
	EndGlobalSection
	GlobalSection(SolutionProperties) = preSolution
		HideSolutionNode = FALSE
	EndGlobalSection
	GlobalSection(ExtensibilityGlobals) = postSolution
		SolutionGuid = {E985FDFE-741F-422E-91AB-E65AB3766CD8}
	EndGlobalSection
EndGlobal
